// !$*UTF8*$!
{
	archiveVersion = 1;
	classes = {
	};
	objectVersion = 46;
	objects = {

/* Begin PBXBuildFile section */
		CC88D3F41CBB8D0200134487 /* main.m in Sources */ = {isa = PBXBuildFile; fileRef = CC88D3F31CBB8D0200134487 /* main.m */; };
		CC88D3F71CBB8D0200134487 /* AppDelegate.m in Sources */ = {isa = PBXBuildFile; fileRef = CC88D3F61CBB8D0200134487 /* AppDelegate.m */; };
		CC88D3FA1CBB8D0200134487 /* ViewController.m in Sources */ = {isa = PBXBuildFile; fileRef = CC88D3F91CBB8D0200134487 /* ViewController.m */; };
		CC88D3FD1CBB8D0200134487 /* Main.storyboard in Resources */ = {isa = PBXBuildFile; fileRef = CC88D3FB1CBB8D0200134487 /* Main.storyboard */; };
		CC88D4001CBB8D0200134487 /* _5_CustomCell_SB_.xcdatamodeld in Sources */ = {isa = PBXBuildFile; fileRef = CC88D3FE1CBB8D0200134487 /* _5_CustomCell_SB_.xcdatamodeld */; };
		CC88D4021CBB8D0200134487 /* Assets.xcassets in Resources */ = {isa = PBXBuildFile; fileRef = CC88D4011CBB8D0200134487 /* Assets.xcassets */; };
		CC88D4051CBB8D0200134487 /* LaunchScreen.storyboard in Resources */ = {isa = PBXBuildFile; fileRef = CC88D4031CBB8D0200134487 /* LaunchScreen.storyboard */; };
		CC88D4101CBB8D0300134487 /* _5_CustomCell_SB_Tests.m in Sources */ = {isa = PBXBuildFile; fileRef = CC88D40F1CBB8D0300134487 /* _5_CustomCell_SB_Tests.m */; };
		CC88D41B1CBB8D0300134487 /* _5_CustomCell_SB_UITests.m in Sources */ = {isa = PBXBuildFile; fileRef = CC88D41A1CBB8D0300134487 /* _5_CustomCell_SB_UITests.m */; };
		CC88D4291CBB8D2400134487 /* Test.plist in Resources */ = {isa = PBXBuildFile; fileRef = CC88D4281CBB8D2400134487 /* Test.plist */; };
		CC88D4311CBB8D2F00134487 /* icon0.jpg in Resources */ = {isa = PBXBuildFile; fileRef = CC88D42B1CBB8D2F00134487 /* icon0.jpg */; };
		CC88D4321CBB8D2F00134487 /* icon1.jpg in Resources */ = {isa = PBXBuildFile; fileRef = CC88D42C1CBB8D2F00134487 /* icon1.jpg */; };
		CC88D4331CBB8D2F00134487 /* icon2.jpg in Resources */ = {isa = PBXBuildFile; fileRef = CC88D42D1CBB8D2F00134487 /* icon2.jpg */; };
		CC88D4341CBB8D2F00134487 /* icon3.jpg in Resources */ = {isa = PBXBuildFile; fileRef = CC88D42E1CBB8D2F00134487 /* icon3.jpg */; };
		CC88D4351CBB8D2F00134487 /* icon4.jpg in Resources */ = {isa = PBXBuildFile; fileRef = CC88D42F1CBB8D2F00134487 /* icon4.jpg */; };
		CC88D4361CBB8D2F00134487 /* icon5.jpg in Resources */ = {isa = PBXBuildFile; fileRef = CC88D4301CBB8D2F00134487 /* icon5.jpg */; };
		CC88D43C1CBB8D5B00134487 /* QYCellModel.m in Sources */ = {isa = PBXBuildFile; fileRef = CC88D43B1CBB8D5B00134487 /* QYCellModel.m */; };
		CC88D43F1CBB8E1700134487 /* QYTableViewCell.m in Sources */ = {isa = PBXBuildFile; fileRef = CC88D43E1CBB8E1700134487 /* QYTableViewCell.m */; };
/* End PBXBuildFile section */

/* Begin PBXContainerItemProxy section */
		CC88D40C1CBB8D0300134487 /* PBXContainerItemProxy */ = {
			isa = PBXContainerItemProxy;
			containerPortal = CC88D3E71CBB8D0200134487 /* Project object */;
			proxyType = 1;
			remoteGlobalIDString = CC88D3EE1CBB8D0200134487;
			remoteInfo = "05-CustomCell(SB)";
		};
		CC88D4171CBB8D0300134487 /* PBXContainerItemProxy */ = {
			isa = PBXContainerItemProxy;
			containerPortal = CC88D3E71CBB8D0200134487 /* Project object */;
			proxyType = 1;
			remoteGlobalIDString = CC88D3EE1CBB8D0200134487;
			remoteInfo = "05-CustomCell(SB)";
		};
/* End PBXContainerItemProxy section */

/* Begin PBXFileReference section */
		CC88D3EF1CBB8D0200134487 /* 05-CustomCell(SB).app */ = {isa = PBXFileReference; explicitFileType = wrapper.application; includeInIndex = 0; path = "05-CustomCell(SB).app"; sourceTree = BUILT_PRODUCTS_DIR; };
		CC88D3F31CBB8D0200134487 /* main.m */ = {isa = PBXFileReference; lastKnownFileType = sourcecode.c.objc; path = main.m; sourceTree = "<group>"; };
		CC88D3F51CBB8D0200134487 /* AppDelegate.h */ = {isa = PBXFileReference; lastKnownFileType = sourcecode.c.h; path = AppDelegate.h; sourceTree = "<group>"; };
		CC88D3F61CBB8D0200134487 /* AppDelegate.m */ = {isa = PBXFileReference; lastKnownFileType = sourcecode.c.objc; path = AppDelegate.m; sourceTree = "<group>"; };
		CC88D3F81CBB8D0200134487 /* ViewController.h */ = {isa = PBXFileReference; lastKnownFileType = sourcecode.c.h; path = ViewController.h; sourceTree = "<group>"; };
		CC88D3F91CBB8D0200134487 /* ViewController.m */ = {isa = PBXFileReference; lastKnownFileType = sourcecode.c.objc; path = ViewController.m; sourceTree = "<group>"; };
		CC88D3FC1CBB8D0200134487 /* Base */ = {isa = PBXFileReference; lastKnownFileType = file.storyboard; name = Base; path = Base.lproj/Main.storyboard; sourceTree = "<group>"; };
		CC88D3FF1CBB8D0200134487 /* _5_CustomCell_SB_.xcdatamodel */ = {isa = PBXFileReference; lastKnownFileType = wrapper.xcdatamodel; path = _5_CustomCell_SB_.xcdatamodel; sourceTree = "<group>"; };
		CC88D4011CBB8D0200134487 /* Assets.xcassets */ = {isa = PBXFileReference; lastKnownFileType = folder.assetcatalog; path = Assets.xcassets; sourceTree = "<group>"; };
		CC88D4041CBB8D0200134487 /* Base */ = {isa = PBXFileReference; lastKnownFileType = file.storyboard; name = Base; path = Base.lproj/LaunchScreen.storyboard; sourceTree = "<group>"; };
		CC88D4061CBB8D0200134487 /* Info.plist */ = {isa = PBXFileReference; lastKnownFileType = text.plist.xml; path = Info.plist; sourceTree = "<group>"; };
		CC88D40B1CBB8D0300134487 /* 05-CustomCell(SB)Tests.xctest */ = {isa = PBXFileReference; explicitFileType = wrapper.cfbundle; includeInIndex = 0; path = "05-CustomCell(SB)Tests.xctest"; sourceTree = BUILT_PRODUCTS_DIR; };
		CC88D40F1CBB8D0300134487 /* _5_CustomCell_SB_Tests.m */ = {isa = PBXFileReference; lastKnownFileType = sourcecode.c.objc; path = _5_CustomCell_SB_Tests.m; sourceTree = "<group>"; };
		CC88D4111CBB8D0300134487 /* Info.plist */ = {isa = PBXFileReference; lastKnownFileType = text.plist.xml; path = Info.plist; sourceTree = "<group>"; };
		CC88D4161CBB8D0300134487 /* 05-CustomCell(SB)UITests.xctest */ = {isa = PBXFileReference; explicitFileType = wrapper.cfbundle; includeInIndex = 0; path = "05-CustomCell(SB)UITests.xctest"; sourceTree = BUILT_PRODUCTS_DIR; };
		CC88D41A1CBB8D0300134487 /* _5_CustomCell_SB_UITests.m */ = {isa = PBXFileReference; lastKnownFileType = sourcecode.c.objc; path = _5_CustomCell_SB_UITests.m; sourceTree = "<group>"; };
		CC88D41C1CBB8D0300134487 /* Info.plist */ = {isa = PBXFileReference; lastKnownFileType = text.plist.xml; path = Info.plist; sourceTree = "<group>"; };
		CC88D4281CBB8D2400134487 /* Test.plist */ = {isa = PBXFileReference; fileEncoding = 4; lastKnownFileType = text.plist.xml; path = Test.plist; sourceTree = "<group>"; };
		CC88D42B1CBB8D2F00134487 /* icon0.jpg */ = {isa = PBXFileReference; lastKnownFileType = image.jpeg; path = icon0.jpg; sourceTree = "<group>"; };
		CC88D42C1CBB8D2F00134487 /* icon1.jpg */ = {isa = PBXFileReference; lastKnownFileType = image.jpeg; path = icon1.jpg; sourceTree = "<group>"; };
		CC88D42D1CBB8D2F00134487 /* icon2.jpg */ = {isa = PBXFileReference; lastKnownFileType = image.jpeg; path = icon2.jpg; sourceTree = "<group>"; };
		CC88D42E1CBB8D2F00134487 /* icon3.jpg */ = {isa = PBXFileReference; lastKnownFileType = image.jpeg; path = icon3.jpg; sourceTree = "<group>"; };
		CC88D42F1CBB8D2F00134487 /* icon4.jpg */ = {isa = PBXFileReference; lastKnownFileType = image.jpeg; path = icon4.jpg; sourceTree = "<group>"; };
		CC88D4301CBB8D2F00134487 /* icon5.jpg */ = {isa = PBXFileReference; lastKnownFileType = image.jpeg; path = icon5.jpg; sourceTree = "<group>"; };
		CC88D43A1CBB8D5B00134487 /* QYCellModel.h */ = {isa = PBXFileReference; fileEncoding = 4; lastKnownFileType = sourcecode.c.h; path = QYCellModel.h; sourceTree = "<group>"; };
		CC88D43B1CBB8D5B00134487 /* QYCellModel.m */ = {isa = PBXFileReference; fileEncoding = 4; lastKnownFileType = sourcecode.c.objc; path = QYCellModel.m; sourceTree = "<group>"; };
		CC88D43D1CBB8E1700134487 /* QYTableViewCell.h */ = {isa = PBXFileReference; fileEncoding = 4; lastKnownFileType = sourcecode.c.h; path = QYTableViewCell.h; sourceTree = "<group>"; };
		CC88D43E1CBB8E1700134487 /* QYTableViewCell.m */ = {isa = PBXFileReference; fileEncoding = 4; lastKnownFileType = sourcecode.c.objc; path = QYTableViewCell.m; sourceTree = "<group>"; };
/* End PBXFileReference section */

/* Begin PBXFrameworksBuildPhase section */
		CC88D3EC1CBB8D0200134487 /* Frameworks */ = {
			isa = PBXFrameworksBuildPhase;
			buildActionMask = 2147483647;
			files = (
			);
			runOnlyForDeploymentPostprocessing = 0;
		};
		CC88D4081CBB8D0300134487 /* Frameworks */ = {
			isa = PBXFrameworksBuildPhase;
			buildActionMask = 2147483647;
			files = (
			);
			runOnlyForDeploymentPostprocessing = 0;
		};
		CC88D4131CBB8D0300134487 /* Frameworks */ = {
			isa = PBXFrameworksBuildPhase;
			buildActionMask = 2147483647;
			files = (
			);
			runOnlyForDeploymentPostprocessing = 0;
		};
/* End PBXFrameworksBuildPhase section */

/* Begin PBXGroup section */
		CC88D3E61CBB8D0200134487 = {
			isa = PBXGroup;
			children = (
				CC88D3F11CBB8D0200134487 /* 05-CustomCell(SB) */,
				CC88D40E1CBB8D0300134487 /* 05-CustomCell(SB)Tests */,
				CC88D4191CBB8D0300134487 /* 05-CustomCell(SB)UITests */,
				CC88D3F01CBB8D0200134487 /* Products */,
			);
			sourceTree = "<group>";
		};
		CC88D3F01CBB8D0200134487 /* Products */ = {
			isa = PBXGroup;
			children = (
				CC88D3EF1CBB8D0200134487 /* 05-CustomCell(SB).app */,
				CC88D40B1CBB8D0300134487 /* 05-CustomCell(SB)Tests.xctest */,
				CC88D4161CBB8D0300134487 /* 05-CustomCell(SB)UITests.xctest */,
			);
			name = Products;
			sourceTree = "<group>";
		};
		CC88D3F11CBB8D0200134487 /* 05-CustomCell(SB) */ = {
			isa = PBXGroup;
			children = (
				CC88D4391CBB8D4700134487 /* Models */,
				CC88D4381CBB8D4300134487 /* Views */,
				CC88D4371CBB8D3D00134487 /* Controllers */,
				CC88D4011CBB8D0200134487 /* Assets.xcassets */,
				CC88D3F21CBB8D0200134487 /* Supporting Files */,
			);
			path = "05-CustomCell(SB)";
			sourceTree = "<group>";
		};
		CC88D3F21CBB8D0200134487 /* Supporting Files */ = {
			isa = PBXGroup;
			children = (
				CC88D42A1CBB8D2F00134487 /* icons */,
				CC88D4281CBB8D2400134487 /* Test.plist */,
				CC88D3F31CBB8D0200134487 /* main.m */,
				CC88D3F51CBB8D0200134487 /* AppDelegate.h */,
				CC88D4031CBB8D0200134487 /* LaunchScreen.storyboard */,
				CC88D4061CBB8D0200134487 /* Info.plist */,
				CC88D3FE1CBB8D0200134487 /* _5_CustomCell_SB_.xcdatamodeld */,
				CC88D3F61CBB8D0200134487 /* AppDelegate.m */,
			);
			name = "Supporting Files";
			sourceTree = "<group>";
		};
		CC88D40E1CBB8D0300134487 /* 05-CustomCell(SB)Tests */ = {
			isa = PBXGroup;
			children = (
				CC88D40F1CBB8D0300134487 /* _5_CustomCell_SB_Tests.m */,
				CC88D4111CBB8D0300134487 /* Info.plist */,
			);
			path = "05-CustomCell(SB)Tests";
			sourceTree = "<group>";
		};
		CC88D4191CBB8D0300134487 /* 05-CustomCell(SB)UITests */ = {
			isa = PBXGroup;
			children = (
				CC88D41A1CBB8D0300134487 /* _5_CustomCell_SB_UITests.m */,
				CC88D41C1CBB8D0300134487 /* Info.plist */,
			);
			path = "05-CustomCell(SB)UITests";
			sourceTree = "<group>";
		};
		CC88D42A1CBB8D2F00134487 /* icons */ = {
			isa = PBXGroup;
			children = (
				CC88D42B1CBB8D2F00134487 /* icon0.jpg */,
				CC88D42C1CBB8D2F00134487 /* icon1.jpg */,
				CC88D42D1CBB8D2F00134487 /* icon2.jpg */,
				CC88D42E1CBB8D2F00134487 /* icon3.jpg */,
				CC88D42F1CBB8D2F00134487 /* icon4.jpg */,
				CC88D4301CBB8D2F00134487 /* icon5.jpg */,
			);
			path = icons;
			sourceTree = "<group>";
		};
		CC88D4371CBB8D3D00134487 /* Controllers */ = {
			isa = PBXGroup;
			children = (
				CC88D3F81CBB8D0200134487 /* ViewController.h */,
				CC88D3F91CBB8D0200134487 /* ViewController.m */,
			);
			name = Controllers;
			sourceTree = "<group>";
		};
		CC88D4381CBB8D4300134487 /* Views */ = {
			isa = PBXGroup;
			children = (
				CC88D3FB1CBB8D0200134487 /* Main.storyboard */,
				CC88D43D1CBB8E1700134487 /* QYTableViewCell.h */,
				CC88D43E1CBB8E1700134487 /* QYTableViewCell.m */,
			);
			name = Views;
			sourceTree = "<group>";
		};
		CC88D4391CBB8D4700134487 /* Models */ = {
			isa = PBXGroup;
			children = (
				CC88D43A1CBB8D5B00134487 /* QYCellModel.h */,
				CC88D43B1CBB8D5B00134487 /* QYCellModel.m */,
			);
			name = Models;
			sourceTree = "<group>";
		};
/* End PBXGroup section */

/* Begin PBXNativeTarget section */
		CC88D3EE1CBB8D0200134487 /* 05-CustomCell(SB) */ = {
			isa = PBXNativeTarget;
			buildConfigurationList = CC88D41F1CBB8D0300134487 /* Build configuration list for PBXNativeTarget "05-CustomCell(SB)" */;
			buildPhases = (
				CC88D3EB1CBB8D0200134487 /* Sources */,
				CC88D3EC1CBB8D0200134487 /* Frameworks */,
				CC88D3ED1CBB8D0200134487 /* Resources */,
			);
			buildRules = (
			);
			dependencies = (
			);
			name = "05-CustomCell(SB)";
			productName = "05-CustomCell(SB)";
			productReference = CC88D3EF1CBB8D0200134487 /* 05-CustomCell(SB).app */;
			productType = "com.apple.product-type.application";
		};
		CC88D40A1CBB8D0300134487 /* 05-CustomCell(SB)Tests */ = {
			isa = PBXNativeTarget;
			buildConfigurationList = CC88D4221CBB8D0300134487 /* Build configuration list for PBXNativeTarget "05-CustomCell(SB)Tests" */;
			buildPhases = (
				CC88D4071CBB8D0300134487 /* Sources */,
				CC88D4081CBB8D0300134487 /* Frameworks */,
				CC88D4091CBB8D0300134487 /* Resources */,
			);
			buildRules = (
			);
			dependencies = (
				CC88D40D1CBB8D0300134487 /* PBXTargetDependency */,
			);
			name = "05-CustomCell(SB)Tests";
			productName = "05-CustomCell(SB)Tests";
			productReference = CC88D40B1CBB8D0300134487 /* 05-CustomCell(SB)Tests.xctest */;
			productType = "com.apple.product-type.bundle.unit-test";
		};
		CC88D4151CBB8D0300134487 /* 05-CustomCell(SB)UITests */ = {
			isa = PBXNativeTarget;
			buildConfigurationList = CC88D4251CBB8D0300134487 /* Build configuration list for PBXNativeTarget "05-CustomCell(SB)UITests" */;
			buildPhases = (
				CC88D4121CBB8D0300134487 /* Sources */,
				CC88D4131CBB8D0300134487 /* Frameworks */,
				CC88D4141CBB8D0300134487 /* Resources */,
			);
			buildRules = (
			);
			dependencies = (
				CC88D4181CBB8D0300134487 /* PBXTargetDependency */,
			);
			name = "05-CustomCell(SB)UITests";
			productName = "05-CustomCell(SB)UITests";
			productReference = CC88D4161CBB8D0300134487 /* 05-CustomCell(SB)UITests.xctest */;
			productType = "com.apple.product-type.bundle.ui-testing";
		};
/* End PBXNativeTarget section */

/* Begin PBXProject section */
		CC88D3E71CBB8D0200134487 /* Project object */ = {
			isa = PBXProject;
			attributes = {
				LastUpgradeCheck = 0720;
				ORGANIZATIONNAME = "河南青云信息技术有限公司";
				TargetAttributes = {
					CC88D3EE1CBB8D0200134487 = {
						CreatedOnToolsVersion = 7.2;
					};
					CC88D40A1CBB8D0300134487 = {
						CreatedOnToolsVersion = 7.2;
						TestTargetID = CC88D3EE1CBB8D0200134487;
					};
					CC88D4151CBB8D0300134487 = {
						CreatedOnToolsVersion = 7.2;
						TestTargetID = CC88D3EE1CBB8D0200134487;
					};
				};
			};
			buildConfigurationList = CC88D3EA1CBB8D0200134487 /* Build configuration list for PBXProject "05-CustomCell(SB)" */;
			compatibilityVersion = "Xcode 3.2";
			developmentRegion = English;
			hasScannedForEncodings = 0;
			knownRegions = (
				en,
				Base,
			);
			mainGroup = CC88D3E61CBB8D0200134487;
			productRefGroup = CC88D3F01CBB8D0200134487 /* Products */;
			projectDirPath = "";
			projectRoot = "";
			targets = (
				CC88D3EE1CBB8D0200134487 /* 05-CustomCell(SB) */,
				CC88D40A1CBB8D0300134487 /* 05-CustomCell(SB)Tests */,
				CC88D4151CBB8D0300134487 /* 05-CustomCell(SB)UITests */,
			);
		};
/* End PBXProject section */

/* Begin PBXResourcesBuildPhase section */
		CC88D3ED1CBB8D0200134487 /* Resources */ = {
			isa = PBXResourcesBuildPhase;
			buildActionMask = 2147483647;
			files = (
				CC88D4361CBB8D2F00134487 /* icon5.jpg in Resources */,
				CC88D4311CBB8D2F00134487 /* icon0.jpg in Resources */,
				CC88D4291CBB8D2400134487 /* Test.plist in Resources */,
				CC88D4321CBB8D2F00134487 /* icon1.jpg in Resources */,
				CC88D4051CBB8D0200134487 /* LaunchScreen.storyboard in Resources */,
				CC88D4341CBB8D2F00134487 /* icon3.jpg in Resources */,
				CC88D4021CBB8D0200134487 /* Assets.xcassets in Resources */,
				CC88D4331CBB8D2F00134487 /* icon2.jpg in Resources */,
				CC88D3FD1CBB8D0200134487 /* Main.storyboard in Resources */,
				CC88D4351CBB8D2F00134487 /* icon4.jpg in Resources */,
			);
			runOnlyForDeploymentPostprocessing = 0;
		};
		CC88D4091CBB8D0300134487 /* Resources */ = {
			isa = PBXResourcesBuildPhase;
			buildActionMask = 2147483647;
			files = (
			);
			runOnlyForDeploymentPostprocessing = 0;
		};
		CC88D4141CBB8D0300134487 /* Resources */ = {
			isa = PBXResourcesBuildPhase;
			buildActionMask = 2147483647;
			files = (
			);
			runOnlyForDeploymentPostprocessing = 0;
		};
/* End PBXResourcesBuildPhase section */

/* Begin PBXSourcesBuildPhase section */
		CC88D3EB1CBB8D0200134487 /* Sources */ = {
			isa = PBXSourcesBuildPhase;
			buildActionMask = 2147483647;
			files = (
				CC88D3FA1CBB8D0200134487 /* ViewController.m in Sources */,
				CC88D3F71CBB8D0200134487 /* AppDelegate.m in Sources */,
				CC88D43C1CBB8D5B00134487 /* QYCellModel.m in Sources */,
				CC88D43F1CBB8E1700134487 /* QYTableViewCell.m in Sources */,
				CC88D3F41CBB8D0200134487 /* main.m in Sources */,
				CC88D4001CBB8D0200134487 /* _5_CustomCell_SB_.xcdatamodeld in Sources */,
			);
			runOnlyForDeploymentPostprocessing = 0;
		};
		CC88D4071CBB8D0300134487 /* Sources */ = {
			isa = PBXSourcesBuildPhase;
			buildActionMask = 2147483647;
			files = (
				CC88D4101CBB8D0300134487 /* _5_CustomCell_SB_Tests.m in Sources */,
			);
			runOnlyForDeploymentPostprocessing = 0;
		};
		CC88D4121CBB8D0300134487 /* Sources */ = {
			isa = PBXSourcesBuildPhase;
			buildActionMask = 2147483647;
			files = (
				CC88D41B1CBB8D0300134487 /* _5_CustomCell_SB_UITests.m in Sources */,
			);
			runOnlyForDeploymentPostprocessing = 0;
		};
/* End PBXSourcesBuildPhase section */

/* Begin PBXTargetDependency section */
		CC88D40D1CBB8D0300134487 /* PBXTargetDependency */ = {
			isa = PBXTargetDependency;
			target = CC88D3EE1CBB8D0200134487 /* 05-CustomCell(SB) */;
			targetProxy = CC88D40C1CBB8D0300134487 /* PBXContainerItemProxy */;
		};
		CC88D4181CBB8D0300134487 /* PBXTargetDependency */ = {
			isa = PBXTargetDependency;
			target = CC88D3EE1CBB8D0200134487 /* 05-CustomCell(SB) */;
			targetProxy = CC88D4171CBB8D0300134487 /* PBXContainerItemProxy */;
		};
/* End PBXTargetDependency section */

/* Begin PBXVariantGroup section */
		CC88D3FB1CBB8D0200134487 /* Main.storyboard */ = {
			isa = PBXVariantGroup;
			children = (
				CC88D3FC1CBB8D0200134487 /* Base */,
			);
			name = Main.storyboard;
			sourceTree = "<group>";
		};
		CC88D4031CBB8D0200134487 /* LaunchScreen.storyboard */ = {
			isa = PBXVariantGroup;
			children = (
				CC88D4041CBB8D0200134487 /* Base */,
			);
			name = LaunchScreen.storyboard;
			sourceTree = "<group>";
		};
/* End PBXVariantGroup section */

/* Begin XCBuildConfiguration section */
		CC88D41D1CBB8D0300134487 /* Debug */ = {
			isa = XCBuildConfiguration;
			buildSettings = {
				ALWAYS_SEARCH_USER_PATHS = NO;
				CLANG_CXX_LANGUAGE_STANDARD = "gnu++0x";
				CLANG_CXX_LIBRARY = "libc++";
				CLANG_ENABLE_MODULES = YES;
				CLANG_ENABLE_OBJC_ARC = YES;
				CLANG_WARN_BOOL_CONVERSION = YES;
				CLANG_WARN_CONSTANT_CONVERSION = YES;
				CLANG_WARN_DIRECT_OBJC_ISA_USAGE = YES_ERROR;
				CLANG_WARN_EMPTY_BODY = YES;
				CLANG_WARN_ENUM_CONVERSION = YES;
				CLANG_WARN_INT_CONVERSION = YES;
				CLANG_WARN_OBJC_ROOT_CLASS = YES_ERROR;
				CLANG_WARN_UNREACHABLE_CODE = YES;
				CLANG_WARN__DUPLICATE_METHOD_MATCH = YES;
				"CODE_SIGN_IDENTITY[sdk=iphoneos*]" = "iPhone Developer";
				COPY_PHASE_STRIP = NO;
				DEBUG_INFORMATION_FORMAT = dwarf;
				ENABLE_STRICT_OBJC_MSGSEND = YES;
				ENABLE_TESTABILITY = YES;
				GCC_C_LANGUAGE_STANDARD = gnu99;
				GCC_DYNAMIC_NO_PIC = NO;
				GCC_NO_COMMON_BLOCKS = YES;
				GCC_OPTIMIZATION_LEVEL = 0;
				GCC_PREPROCESSOR_DEFINITIONS = (
					"DEBUG=1",
					"$(inherited)",
				);
				GCC_WARN_64_TO_32_BIT_CONVERSION = YES;
				GCC_WARN_ABOUT_RETURN_TYPE = YES_ERROR;
				GCC_WARN_UNDECLARED_SELECTOR = YES;
				GCC_WARN_UNINITIALIZED_AUTOS = YES_AGGRESSIVE;
				GCC_WARN_UNUSED_FUNCTION = YES;
				GCC_WARN_UNUSED_VARIABLE = YES;
				IPHONEOS_DEPLOYMENT_TARGET = 9.2;
				MTL_ENABLE_DEBUG_INFO = YES;
				ONLY_ACTIVE_ARCH = YES;
				SDKROOT = iphoneos;
			};
			name = Debug;
		};
		CC88D41E1CBB8D0300134487 /* Release */ = {
			isa = XCBuildConfiguration;
			buildSettings = {
				ALWAYS_SEARCH_USER_PATHS = NO;
				CLANG_CXX_LANGUAGE_STANDARD = "gnu++0x";
				CLANG_CXX_LIBRARY = "libc++";
				CLANG_ENABLE_MODULES = YES;
				CLANG_ENABLE_OBJC_ARC = YES;
				CLANG_WARN_BOOL_CONVERSION = YES;
				CLANG_WARN_CONSTANT_CONVERSION = YES;
				CLANG_WARN_DIRECT_OBJC_ISA_USAGE = YES_ERROR;
				CLANG_WARN_EMPTY_BODY = YES;
				CLANG_WARN_ENUM_CONVERSION = YES;
				CLANG_WARN_INT_CONVERSION = YES;
				CLANG_WARN_OBJC_ROOT_CLASS = YES_ERROR;
				CLANG_WARN_UNREACHABLE_CODE = YES;
				CLANG_WARN__DUPLICATE_METHOD_MATCH = YES;
				"CODE_SIGN_IDENTITY[sdk=iphoneos*]" = "iPhone Developer";
				COPY_PHASE_STRIP = NO;
				DEBUG_INFORMATION_FORMAT = "dwarf-with-dsym";
				ENABLE_NS_ASSERTIONS = NO;
				ENABLE_STRICT_OBJC_MSGSEND = YES;
				GCC_C_LANGUAGE_STANDARD = gnu99;
				GCC_NO_COMMON_BLOCKS = YES;
				GCC_WARN_64_TO_32_BIT_CONVERSION = YES;
				GCC_WARN_ABOUT_RETURN_TYPE = YES_ERROR;
				GCC_WARN_UNDECLARED_SELECTOR = YES;
				GCC_WARN_UNINITIALIZED_AUTOS = YES_AGGRESSIVE;
				GCC_WARN_UNUSED_FUNCTION = YES;
				GCC_WARN_UNUSED_VARIABLE = YES;
				IPHONEOS_DEPLOYMENT_TARGET = 9.2;
				MTL_ENABLE_DEBUG_INFO = NO;
				SDKROOT = iphoneos;
				VALIDATE_PRODUCT = YES;
			};
			name = Release;
		};
		CC88D4201CBB8D0300134487 /* Debug */ = {
			isa = XCBuildConfiguration;
			buildSettings = {
				ASSETCATALOG_COMPILER_APPICON_NAME = AppIcon;
				INFOPLIST_FILE = "05-CustomCell(SB)/Info.plist";
				LD_RUNPATH_SEARCH_PATHS = "$(inherited) @executable_path/Frameworks";
				PRODUCT_BUNDLE_IDENTIFIER = "com.hnqingyun.-5-CustomCell-SB-";
				PRODUCT_NAME = "$(TARGET_NAME)";
			};
			name = Debug;
		};
		CC88D4211CBB8D0300134487 /* Release */ = {
			isa = XCBuildConfiguration;
			buildSettings = {
				ASSETCATALOG_COMPILER_APPICON_NAME = AppIcon;
				INFOPLIST_FILE = "05-CustomCell(SB)/Info.plist";
				LD_RUNPATH_SEARCH_PATHS = "$(inherited) @executable_path/Frameworks";
				PRODUCT_BUNDLE_IDENTIFIER = "com.hnqingyun.-5-CustomCell-SB-";
				PRODUCT_NAME = "$(TARGET_NAME)";
			};
			name = Release;
		};
		CC88D4231CBB8D0300134487 /* Debug */ = {
			isa = XCBuildConfiguration;
			buildSettings = {
				BUNDLE_LOADER = "$(TEST_HOST)";
				INFOPLIST_FILE = "05-CustomCell(SB)Tests/Info.plist";
				LD_RUNPATH_SEARCH_PATHS = "$(inherited) @executable_path/Frameworks @loader_path/Frameworks";
				PRODUCT_BUNDLE_IDENTIFIER = "com.hnqingyun.-5-CustomCell-SB-Tests";
				PRODUCT_NAME = "$(TARGET_NAME)";
				TEST_HOST = "$(BUILT_PRODUCTS_DIR)/05-CustomCell(SB).app/05-CustomCell(SB)";
			};
			name = Debug;
		};
		CC88D4241CBB8D0300134487 /* Release */ = {
			isa = XCBuildConfiguration;
			buildSettings = {
				BUNDLE_LOADER = "$(TEST_HOST)";
				INFOPLIST_FILE = "05-CustomCell(SB)Tests/Info.plist";
				LD_RUNPATH_SEARCH_PATHS = "$(inherited) @executable_path/Frameworks @loader_path/Frameworks";
				PRODUCT_BUNDLE_IDENTIFIER = "com.hnqingyun.-5-CustomCell-SB-Tests";
				PRODUCT_NAME = "$(TARGET_NAME)";
				TEST_HOST = "$(BUILT_PRODUCTS_DIR)/05-CustomCell(SB).app/05-CustomCell(SB)";
			};
			name = Release;
		};
		CC88D4261CBB8D0300134487 /* Debug */ = {
			isa = XCBuildConfiguration;
			buildSettings = {
				INFOPLIST_FILE = "05-CustomCell(SB)UITests/Info.plist";
				LD_RUNPATH_SEARCH_PATHS = "$(inherited) @executable_path/Frameworks @loader_path/Frameworks";
				PRODUCT_BUNDLE_IDENTIFIER = "com.hnqingyun.-5-CustomCell-SB-UITests";
				PRODUCT_NAME = "$(TARGET_NAME)";
				TEST_TARGET_NAME = "05-CustomCell(SB)";
				USES_XCTRUNNER = YES;
			};
			name = Debug;
		};
		CC88D4271CBB8D0300134487 /* Release */ = {
			isa = XCBuildConfiguration;
			buildSettings = {
				INFOPLIST_FILE = "05-CustomCell(SB)UITests/Info.plist";
				LD_RUNPATH_SEARCH_PATHS = "$(inherited) @executable_path/Frameworks @loader_path/Frameworks";
				PRODUCT_BUNDLE_IDENTIFIER = "com.hnqingyun.-5-CustomCell-SB-UITests";
				PRODUCT_NAME = "$(TARGET_NAME)";
				TEST_TARGET_NAME = "05-CustomCell(SB)";
				USES_XCTRUNNER = YES;
			};
			name = Release;
		};
/* End XCBuildConfiguration section */

/* Begin XCConfigurationList section */
		CC88D3EA1CBB8D0200134487 /* Build configuration list for PBXProject "05-CustomCell(SB)" */ = {
			isa = XCConfigurationList;
			buildConfigurations = (
				CC88D41D1CBB8D0300134487 /* Debug */,
				CC88D41E1CBB8D0300134487 /* Release */,
			);
			defaultConfigurationIsVisible = 0;
			defaultConfigurationName = Release;
		};
		CC88D41F1CBB8D0300134487 /* Build configuration list for PBXNativeTarget "05-CustomCell(SB)" */ = {
			isa = XCConfigurationList;
			buildConfigurations = (
				CC88D4201CBB8D0300134487 /* Debug */,
				CC88D4211CBB8D0300134487 /* Release */,
			);
			defaultConfigurationIsVisible = 0;
		};
		CC88D4221CBB8D0300134487 /* Build configuration list for PBXNativeTarget "05-CustomCell(SB)Tests" */ = {
			isa = XCConfigurationList;
			buildConfigurations = (
				CC88D4231CBB8D0300134487 /* Debug */,
				CC88D4241CBB8D0300134487 /* Release */,
			);
			defaultConfigurationIsVisible = 0;
		};
		CC88D4251CBB8D0300134487 /* Build configuration list for PBXNativeTarget "05-CustomCell(SB)UITests" */ = {
			isa = XCConfigurationList;
			buildConfigurations = (
				CC88D4261CBB8D0300134487 /* Debug */,
				CC88D4271CBB8D0300134487 /* Release */,
			);
			defaultConfigurationIsVisible = 0;
		};
/* End XCConfigurationList section */

/* Begin XCVersionGroup section */
		CC88D3FE1CBB8D0200134487 /* _5_CustomCell_SB_.xcdatamodeld */ = {
			isa = XCVersionGroup;
			children = (
				CC88D3FF1CBB8D0200134487 /* _5_CustomCell_SB_.xcdatamodel */,
			);
			currentVersion = CC88D3FF1CBB8D0200134487 /* _5_CustomCell_SB_.xcdatamodel */;
			path = _5_CustomCell_SB_.xcdatamodeld;
			sourceTree = "<group>";
			versionGroupType = wrapper.xcdatamodel;
		};
/* End XCVersionGroup section */
	};
	rootObject = CC88D3E71CBB8D0200134487 /* Project object */;
}
