// !$*UTF8*$!
{
	archiveVersion = 1;
	classes = {
	};
	objectVersion = 46;
	objects = {

/* Begin PBXBuildFile section */
		CC88D33E1CBB799500134487 /* main.m in Sources */ = {isa = PBXBuildFile; fileRef = CC88D33D1CBB799500134487 /* main.m */; };
		CC88D3411CBB799500134487 /* AppDelegate.m in Sources */ = {isa = PBXBuildFile; fileRef = CC88D3401CBB799500134487 /* AppDelegate.m */; };
		CC88D3441CBB799500134487 /* ViewController.m in Sources */ = {isa = PBXBuildFile; fileRef = CC88D3431CBB799500134487 /* ViewController.m */; };
		CC88D3471CBB799500134487 /* Main.storyboard in Resources */ = {isa = PBXBuildFile; fileRef = CC88D3451CBB799500134487 /* Main.storyboard */; };
		CC88D34A1CBB799500134487 /* _3_CustomCell_LayoutSubViews_.xcdatamodeld in Sources */ = {isa = PBXBuildFile; fileRef = CC88D3481CBB799500134487 /* _3_CustomCell_LayoutSubViews_.xcdatamodeld */; };
		CC88D34C1CBB799500134487 /* Assets.xcassets in Resources */ = {isa = PBXBuildFile; fileRef = CC88D34B1CBB799500134487 /* Assets.xcassets */; };
		CC88D34F1CBB799500134487 /* LaunchScreen.storyboard in Resources */ = {isa = PBXBuildFile; fileRef = CC88D34D1CBB799500134487 /* LaunchScreen.storyboard */; };
		CC88D35A1CBB799500134487 /* _3_CustomCell_LayoutSubViews_Tests.m in Sources */ = {isa = PBXBuildFile; fileRef = CC88D3591CBB799500134487 /* _3_CustomCell_LayoutSubViews_Tests.m */; };
		CC88D3651CBB799500134487 /* _3_CustomCell_LayoutSubViews_UITests.m in Sources */ = {isa = PBXBuildFile; fileRef = CC88D3641CBB799500134487 /* _3_CustomCell_LayoutSubViews_UITests.m */; };
		CC88D3741CBB7B0500134487 /* QYTableViewCell.m in Sources */ = {isa = PBXBuildFile; fileRef = CC88D3731CBB7B0500134487 /* QYTableViewCell.m */; };
		CC88D37C1CBB7BFA00134487 /* icon0.jpg in Resources */ = {isa = PBXBuildFile; fileRef = CC88D3761CBB7BFA00134487 /* icon0.jpg */; };
		CC88D37D1CBB7BFA00134487 /* icon1.jpg in Resources */ = {isa = PBXBuildFile; fileRef = CC88D3771CBB7BFA00134487 /* icon1.jpg */; };
		CC88D37E1CBB7BFA00134487 /* icon2.jpg in Resources */ = {isa = PBXBuildFile; fileRef = CC88D3781CBB7BFA00134487 /* icon2.jpg */; };
		CC88D37F1CBB7BFA00134487 /* icon3.jpg in Resources */ = {isa = PBXBuildFile; fileRef = CC88D3791CBB7BFA00134487 /* icon3.jpg */; };
		CC88D3801CBB7BFA00134487 /* icon4.jpg in Resources */ = {isa = PBXBuildFile; fileRef = CC88D37A1CBB7BFA00134487 /* icon4.jpg */; };
		CC88D3811CBB7BFA00134487 /* icon5.jpg in Resources */ = {isa = PBXBuildFile; fileRef = CC88D37B1CBB7BFA00134487 /* icon5.jpg */; };
		CC88D3831CBB7CAE00134487 /* Test.plist in Resources */ = {isa = PBXBuildFile; fileRef = CC88D3821CBB7CAE00134487 /* Test.plist */; };
		CC88D3891CBB7DF200134487 /* QYCellModel.m in Sources */ = {isa = PBXBuildFile; fileRef = CC88D3881CBB7DF200134487 /* QYCellModel.m */; };
/* End PBXBuildFile section */

/* Begin PBXContainerItemProxy section */
		CC88D3561CBB799500134487 /* PBXContainerItemProxy */ = {
			isa = PBXContainerItemProxy;
			containerPortal = CC88D3311CBB799500134487 /* Project object */;
			proxyType = 1;
			remoteGlobalIDString = CC88D3381CBB799500134487;
			remoteInfo = "03-CustomCell(LayoutSubViews)";
		};
		CC88D3611CBB799500134487 /* PBXContainerItemProxy */ = {
			isa = PBXContainerItemProxy;
			containerPortal = CC88D3311CBB799500134487 /* Project object */;
			proxyType = 1;
			remoteGlobalIDString = CC88D3381CBB799500134487;
			remoteInfo = "03-CustomCell(LayoutSubViews)";
		};
/* End PBXContainerItemProxy section */

/* Begin PBXFileReference section */
		CC88D3391CBB799500134487 /* 03-CustomCell(LayoutSubViews).app */ = {isa = PBXFileReference; explicitFileType = wrapper.application; includeInIndex = 0; path = "03-CustomCell(LayoutSubViews).app"; sourceTree = BUILT_PRODUCTS_DIR; };
		CC88D33D1CBB799500134487 /* main.m */ = {isa = PBXFileReference; lastKnownFileType = sourcecode.c.objc; path = main.m; sourceTree = "<group>"; };
		CC88D33F1CBB799500134487 /* AppDelegate.h */ = {isa = PBXFileReference; lastKnownFileType = sourcecode.c.h; path = AppDelegate.h; sourceTree = "<group>"; };
		CC88D3401CBB799500134487 /* AppDelegate.m */ = {isa = PBXFileReference; lastKnownFileType = sourcecode.c.objc; path = AppDelegate.m; sourceTree = "<group>"; };
		CC88D3421CBB799500134487 /* ViewController.h */ = {isa = PBXFileReference; lastKnownFileType = sourcecode.c.h; path = ViewController.h; sourceTree = "<group>"; };
		CC88D3431CBB799500134487 /* ViewController.m */ = {isa = PBXFileReference; lastKnownFileType = sourcecode.c.objc; path = ViewController.m; sourceTree = "<group>"; };
		CC88D3461CBB799500134487 /* Base */ = {isa = PBXFileReference; lastKnownFileType = file.storyboard; name = Base; path = Base.lproj/Main.storyboard; sourceTree = "<group>"; };
		CC88D3491CBB799500134487 /* _3_CustomCell_LayoutSubViews_.xcdatamodel */ = {isa = PBXFileReference; lastKnownFileType = wrapper.xcdatamodel; path = _3_CustomCell_LayoutSubViews_.xcdatamodel; sourceTree = "<group>"; };
		CC88D34B1CBB799500134487 /* Assets.xcassets */ = {isa = PBXFileReference; lastKnownFileType = folder.assetcatalog; path = Assets.xcassets; sourceTree = "<group>"; };
		CC88D34E1CBB799500134487 /* Base */ = {isa = PBXFileReference; lastKnownFileType = file.storyboard; name = Base; path = Base.lproj/LaunchScreen.storyboard; sourceTree = "<group>"; };
		CC88D3501CBB799500134487 /* Info.plist */ = {isa = PBXFileReference; lastKnownFileType = text.plist.xml; path = Info.plist; sourceTree = "<group>"; };
		CC88D3551CBB799500134487 /* 03-CustomCell(LayoutSubViews)Tests.xctest */ = {isa = PBXFileReference; explicitFileType = wrapper.cfbundle; includeInIndex = 0; path = "03-CustomCell(LayoutSubViews)Tests.xctest"; sourceTree = BUILT_PRODUCTS_DIR; };
		CC88D3591CBB799500134487 /* _3_CustomCell_LayoutSubViews_Tests.m */ = {isa = PBXFileReference; lastKnownFileType = sourcecode.c.objc; path = _3_CustomCell_LayoutSubViews_Tests.m; sourceTree = "<group>"; };
		CC88D35B1CBB799500134487 /* Info.plist */ = {isa = PBXFileReference; lastKnownFileType = text.plist.xml; path = Info.plist; sourceTree = "<group>"; };
		CC88D3601CBB799500134487 /* 03-CustomCell(LayoutSubViews)UITests.xctest */ = {isa = PBXFileReference; explicitFileType = wrapper.cfbundle; includeInIndex = 0; path = "03-CustomCell(LayoutSubViews)UITests.xctest"; sourceTree = BUILT_PRODUCTS_DIR; };
		CC88D3641CBB799500134487 /* _3_CustomCell_LayoutSubViews_UITests.m */ = {isa = PBXFileReference; lastKnownFileType = sourcecode.c.objc; path = _3_CustomCell_LayoutSubViews_UITests.m; sourceTree = "<group>"; };
		CC88D3661CBB799500134487 /* Info.plist */ = {isa = PBXFileReference; lastKnownFileType = text.plist.xml; path = Info.plist; sourceTree = "<group>"; };
		CC88D3721CBB7B0500134487 /* QYTableViewCell.h */ = {isa = PBXFileReference; fileEncoding = 4; lastKnownFileType = sourcecode.c.h; path = QYTableViewCell.h; sourceTree = "<group>"; };
		CC88D3731CBB7B0500134487 /* QYTableViewCell.m */ = {isa = PBXFileReference; fileEncoding = 4; lastKnownFileType = sourcecode.c.objc; path = QYTableViewCell.m; sourceTree = "<group>"; };
		CC88D3761CBB7BFA00134487 /* icon0.jpg */ = {isa = PBXFileReference; lastKnownFileType = image.jpeg; path = icon0.jpg; sourceTree = "<group>"; };
		CC88D3771CBB7BFA00134487 /* icon1.jpg */ = {isa = PBXFileReference; lastKnownFileType = image.jpeg; path = icon1.jpg; sourceTree = "<group>"; };
		CC88D3781CBB7BFA00134487 /* icon2.jpg */ = {isa = PBXFileReference; lastKnownFileType = image.jpeg; path = icon2.jpg; sourceTree = "<group>"; };
		CC88D3791CBB7BFA00134487 /* icon3.jpg */ = {isa = PBXFileReference; lastKnownFileType = image.jpeg; path = icon3.jpg; sourceTree = "<group>"; };
		CC88D37A1CBB7BFA00134487 /* icon4.jpg */ = {isa = PBXFileReference; lastKnownFileType = image.jpeg; path = icon4.jpg; sourceTree = "<group>"; };
		CC88D37B1CBB7BFA00134487 /* icon5.jpg */ = {isa = PBXFileReference; lastKnownFileType = image.jpeg; path = icon5.jpg; sourceTree = "<group>"; };
		CC88D3821CBB7CAE00134487 /* Test.plist */ = {isa = PBXFileReference; fileEncoding = 4; lastKnownFileType = text.plist.xml; path = Test.plist; sourceTree = "<group>"; };
		CC88D3871CBB7DF200134487 /* QYCellModel.h */ = {isa = PBXFileReference; fileEncoding = 4; lastKnownFileType = sourcecode.c.h; path = QYCellModel.h; sourceTree = "<group>"; };
		CC88D3881CBB7DF200134487 /* QYCellModel.m */ = {isa = PBXFileReference; fileEncoding = 4; lastKnownFileType = sourcecode.c.objc; path = QYCellModel.m; sourceTree = "<group>"; };
/* End PBXFileReference section */

/* Begin PBXFrameworksBuildPhase section */
		CC88D3361CBB799500134487 /* Frameworks */ = {
			isa = PBXFrameworksBuildPhase;
			buildActionMask = 2147483647;
			files = (
			);
			runOnlyForDeploymentPostprocessing = 0;
		};
		CC88D3521CBB799500134487 /* Frameworks */ = {
			isa = PBXFrameworksBuildPhase;
			buildActionMask = 2147483647;
			files = (
			);
			runOnlyForDeploymentPostprocessing = 0;
		};
		CC88D35D1CBB799500134487 /* Frameworks */ = {
			isa = PBXFrameworksBuildPhase;
			buildActionMask = 2147483647;
			files = (
			);
			runOnlyForDeploymentPostprocessing = 0;
		};
/* End PBXFrameworksBuildPhase section */

/* Begin PBXGroup section */
		CC88D3301CBB799500134487 = {
			isa = PBXGroup;
			children = (
				CC88D33B1CBB799500134487 /* 03-CustomCell(LayoutSubViews) */,
				CC88D3581CBB799500134487 /* 03-CustomCell(LayoutSubViews)Tests */,
				CC88D3631CBB799500134487 /* 03-CustomCell(LayoutSubViews)UITests */,
				CC88D33A1CBB799500134487 /* Products */,
			);
			sourceTree = "<group>";
		};
		CC88D33A1CBB799500134487 /* Products */ = {
			isa = PBXGroup;
			children = (
				CC88D3391CBB799500134487 /* 03-CustomCell(LayoutSubViews).app */,
				CC88D3551CBB799500134487 /* 03-CustomCell(LayoutSubViews)Tests.xctest */,
				CC88D3601CBB799500134487 /* 03-CustomCell(LayoutSubViews)UITests.xctest */,
			);
			name = Products;
			sourceTree = "<group>";
		};
		CC88D33B1CBB799500134487 /* 03-CustomCell(LayoutSubViews) */ = {
			isa = PBXGroup;
			children = (
				CC88D3861CBB7DC600134487 /* Models */,
				CC88D3851CBB7DBF00134487 /* Views */,
				CC88D3841CBB7DB900134487 /* Controllers */,
				CC88D34B1CBB799500134487 /* Assets.xcassets */,
				CC88D33C1CBB799500134487 /* Supporting Files */,
			);
			path = "03-CustomCell(LayoutSubViews)";
			sourceTree = "<group>";
		};
		CC88D33C1CBB799500134487 /* Supporting Files */ = {
			isa = PBXGroup;
			children = (
				CC88D3751CBB7BFA00134487 /* icons */,
				CC88D33D1CBB799500134487 /* main.m */,
				CC88D3821CBB7CAE00134487 /* Test.plist */,
				CC88D33F1CBB799500134487 /* AppDelegate.h */,
				CC88D3401CBB799500134487 /* AppDelegate.m */,
				CC88D34D1CBB799500134487 /* LaunchScreen.storyboard */,
				CC88D3501CBB799500134487 /* Info.plist */,
				CC88D3481CBB799500134487 /* _3_CustomCell_LayoutSubViews_.xcdatamodeld */,
			);
			name = "Supporting Files";
			sourceTree = "<group>";
		};
		CC88D3581CBB799500134487 /* 03-CustomCell(LayoutSubViews)Tests */ = {
			isa = PBXGroup;
			children = (
				CC88D3591CBB799500134487 /* _3_CustomCell_LayoutSubViews_Tests.m */,
				CC88D35B1CBB799500134487 /* Info.plist */,
			);
			path = "03-CustomCell(LayoutSubViews)Tests";
			sourceTree = "<group>";
		};
		CC88D3631CBB799500134487 /* 03-CustomCell(LayoutSubViews)UITests */ = {
			isa = PBXGroup;
			children = (
				CC88D3641CBB799500134487 /* _3_CustomCell_LayoutSubViews_UITests.m */,
				CC88D3661CBB799500134487 /* Info.plist */,
			);
			path = "03-CustomCell(LayoutSubViews)UITests";
			sourceTree = "<group>";
		};
		CC88D3751CBB7BFA00134487 /* icons */ = {
			isa = PBXGroup;
			children = (
				CC88D3761CBB7BFA00134487 /* icon0.jpg */,
				CC88D3771CBB7BFA00134487 /* icon1.jpg */,
				CC88D3781CBB7BFA00134487 /* icon2.jpg */,
				CC88D3791CBB7BFA00134487 /* icon3.jpg */,
				CC88D37A1CBB7BFA00134487 /* icon4.jpg */,
				CC88D37B1CBB7BFA00134487 /* icon5.jpg */,
			);
			path = icons;
			sourceTree = "<group>";
		};
		CC88D3841CBB7DB900134487 /* Controllers */ = {
			isa = PBXGroup;
			children = (
				CC88D3421CBB799500134487 /* ViewController.h */,
				CC88D3431CBB799500134487 /* ViewController.m */,
			);
			name = Controllers;
			sourceTree = "<group>";
		};
		CC88D3851CBB7DBF00134487 /* Views */ = {
			isa = PBXGroup;
			children = (
				CC88D3451CBB799500134487 /* Main.storyboard */,
				CC88D3721CBB7B0500134487 /* QYTableViewCell.h */,
				CC88D3731CBB7B0500134487 /* QYTableViewCell.m */,
			);
			name = Views;
			sourceTree = "<group>";
		};
		CC88D3861CBB7DC600134487 /* Models */ = {
			isa = PBXGroup;
			children = (
				CC88D3871CBB7DF200134487 /* QYCellModel.h */,
				CC88D3881CBB7DF200134487 /* QYCellModel.m */,
			);
			name = Models;
			sourceTree = "<group>";
		};
/* End PBXGroup section */

/* Begin PBXNativeTarget section */
		CC88D3381CBB799500134487 /* 03-CustomCell(LayoutSubViews) */ = {
			isa = PBXNativeTarget;
			buildConfigurationList = CC88D3691CBB799600134487 /* Build configuration list for PBXNativeTarget "03-CustomCell(LayoutSubViews)" */;
			buildPhases = (
				CC88D3351CBB799500134487 /* Sources */,
				CC88D3361CBB799500134487 /* Frameworks */,
				CC88D3371CBB799500134487 /* Resources */,
			);
			buildRules = (
			);
			dependencies = (
			);
			name = "03-CustomCell(LayoutSubViews)";
			productName = "03-CustomCell(LayoutSubViews)";
			productReference = CC88D3391CBB799500134487 /* 03-CustomCell(LayoutSubViews).app */;
			productType = "com.apple.product-type.application";
		};
		CC88D3541CBB799500134487 /* 03-CustomCell(LayoutSubViews)Tests */ = {
			isa = PBXNativeTarget;
			buildConfigurationList = CC88D36C1CBB799600134487 /* Build configuration list for PBXNativeTarget "03-CustomCell(LayoutSubViews)Tests" */;
			buildPhases = (
				CC88D3511CBB799500134487 /* Sources */,
				CC88D3521CBB799500134487 /* Frameworks */,
				CC88D3531CBB799500134487 /* Resources */,
			);
			buildRules = (
			);
			dependencies = (
				CC88D3571CBB799500134487 /* PBXTargetDependency */,
			);
			name = "03-CustomCell(LayoutSubViews)Tests";
			productName = "03-CustomCell(LayoutSubViews)Tests";
			productReference = CC88D3551CBB799500134487 /* 03-CustomCell(LayoutSubViews)Tests.xctest */;
			productType = "com.apple.product-type.bundle.unit-test";
		};
		CC88D35F1CBB799500134487 /* 03-CustomCell(LayoutSubViews)UITests */ = {
			isa = PBXNativeTarget;
			buildConfigurationList = CC88D36F1CBB799600134487 /* Build configuration list for PBXNativeTarget "03-CustomCell(LayoutSubViews)UITests" */;
			buildPhases = (
				CC88D35C1CBB799500134487 /* Sources */,
				CC88D35D1CBB799500134487 /* Frameworks */,
				CC88D35E1CBB799500134487 /* Resources */,
			);
			buildRules = (
			);
			dependencies = (
				CC88D3621CBB799500134487 /* PBXTargetDependency */,
			);
			name = "03-CustomCell(LayoutSubViews)UITests";
			productName = "03-CustomCell(LayoutSubViews)UITests";
			productReference = CC88D3601CBB799500134487 /* 03-CustomCell(LayoutSubViews)UITests.xctest */;
			productType = "com.apple.product-type.bundle.ui-testing";
		};
/* End PBXNativeTarget section */

/* Begin PBXProject section */
		CC88D3311CBB799500134487 /* Project object */ = {
			isa = PBXProject;
			attributes = {
				LastUpgradeCheck = 0720;
				ORGANIZATIONNAME = "河南青云信息技术有限公司";
				TargetAttributes = {
					CC88D3381CBB799500134487 = {
						CreatedOnToolsVersion = 7.2;
					};
					CC88D3541CBB799500134487 = {
						CreatedOnToolsVersion = 7.2;
						TestTargetID = CC88D3381CBB799500134487;
					};
					CC88D35F1CBB799500134487 = {
						CreatedOnToolsVersion = 7.2;
						TestTargetID = CC88D3381CBB799500134487;
					};
				};
			};
			buildConfigurationList = CC88D3341CBB799500134487 /* Build configuration list for PBXProject "03-CustomCell(LayoutSubViews)" */;
			compatibilityVersion = "Xcode 3.2";
			developmentRegion = English;
			hasScannedForEncodings = 0;
			knownRegions = (
				en,
				Base,
			);
			mainGroup = CC88D3301CBB799500134487;
			productRefGroup = CC88D33A1CBB799500134487 /* Products */;
			projectDirPath = "";
			projectRoot = "";
			targets = (
				CC88D3381CBB799500134487 /* 03-CustomCell(LayoutSubViews) */,
				CC88D3541CBB799500134487 /* 03-CustomCell(LayoutSubViews)Tests */,
				CC88D35F1CBB799500134487 /* 03-CustomCell(LayoutSubViews)UITests */,
			);
		};
/* End PBXProject section */

/* Begin PBXResourcesBuildPhase section */
		CC88D3371CBB799500134487 /* Resources */ = {
			isa = PBXResourcesBuildPhase;
			buildActionMask = 2147483647;
			files = (
				CC88D34F1CBB799500134487 /* LaunchScreen.storyboard in Resources */,
				CC88D37C1CBB7BFA00134487 /* icon0.jpg in Resources */,
				CC88D37F1CBB7BFA00134487 /* icon3.jpg in Resources */,
				CC88D34C1CBB799500134487 /* Assets.xcassets in Resources */,
				CC88D37D1CBB7BFA00134487 /* icon1.jpg in Resources */,
				CC88D3801CBB7BFA00134487 /* icon4.jpg in Resources */,
				CC88D3471CBB799500134487 /* Main.storyboard in Resources */,
				CC88D37E1CBB7BFA00134487 /* icon2.jpg in Resources */,
				CC88D3831CBB7CAE00134487 /* Test.plist in Resources */,
				CC88D3811CBB7BFA00134487 /* icon5.jpg in Resources */,
			);
			runOnlyForDeploymentPostprocessing = 0;
		};
		CC88D3531CBB799500134487 /* Resources */ = {
			isa = PBXResourcesBuildPhase;
			buildActionMask = 2147483647;
			files = (
			);
			runOnlyForDeploymentPostprocessing = 0;
		};
		CC88D35E1CBB799500134487 /* Resources */ = {
			isa = PBXResourcesBuildPhase;
			buildActionMask = 2147483647;
			files = (
			);
			runOnlyForDeploymentPostprocessing = 0;
		};
/* End PBXResourcesBuildPhase section */

/* Begin PBXSourcesBuildPhase section */
		CC88D3351CBB799500134487 /* Sources */ = {
			isa = PBXSourcesBuildPhase;
			buildActionMask = 2147483647;
			files = (
				CC88D3441CBB799500134487 /* ViewController.m in Sources */,
				CC88D3411CBB799500134487 /* AppDelegate.m in Sources */,
				CC88D34A1CBB799500134487 /* _3_CustomCell_LayoutSubViews_.xcdatamodeld in Sources */,
				CC88D3741CBB7B0500134487 /* QYTableViewCell.m in Sources */,
				CC88D33E1CBB799500134487 /* main.m in Sources */,
				CC88D3891CBB7DF200134487 /* QYCellModel.m in Sources */,
			);
			runOnlyForDeploymentPostprocessing = 0;
		};
		CC88D3511CBB799500134487 /* Sources */ = {
			isa = PBXSourcesBuildPhase;
			buildActionMask = 2147483647;
			files = (
				CC88D35A1CBB799500134487 /* _3_CustomCell_LayoutSubViews_Tests.m in Sources */,
			);
			runOnlyForDeploymentPostprocessing = 0;
		};
		CC88D35C1CBB799500134487 /* Sources */ = {
			isa = PBXSourcesBuildPhase;
			buildActionMask = 2147483647;
			files = (
				CC88D3651CBB799500134487 /* _3_CustomCell_LayoutSubViews_UITests.m in Sources */,
			);
			runOnlyForDeploymentPostprocessing = 0;
		};
/* End PBXSourcesBuildPhase section */

/* Begin PBXTargetDependency section */
		CC88D3571CBB799500134487 /* PBXTargetDependency */ = {
			isa = PBXTargetDependency;
			target = CC88D3381CBB799500134487 /* 03-CustomCell(LayoutSubViews) */;
			targetProxy = CC88D3561CBB799500134487 /* PBXContainerItemProxy */;
		};
		CC88D3621CBB799500134487 /* PBXTargetDependency */ = {
			isa = PBXTargetDependency;
			target = CC88D3381CBB799500134487 /* 03-CustomCell(LayoutSubViews) */;
			targetProxy = CC88D3611CBB799500134487 /* PBXContainerItemProxy */;
		};
/* End PBXTargetDependency section */

/* Begin PBXVariantGroup section */
		CC88D3451CBB799500134487 /* Main.storyboard */ = {
			isa = PBXVariantGroup;
			children = (
				CC88D3461CBB799500134487 /* Base */,
			);
			name = Main.storyboard;
			sourceTree = "<group>";
		};
		CC88D34D1CBB799500134487 /* LaunchScreen.storyboard */ = {
			isa = PBXVariantGroup;
			children = (
				CC88D34E1CBB799500134487 /* Base */,
			);
			name = LaunchScreen.storyboard;
			sourceTree = "<group>";
		};
/* End PBXVariantGroup section */

/* Begin XCBuildConfiguration section */
		CC88D3671CBB799600134487 /* Debug */ = {
			isa = XCBuildConfiguration;
			buildSettings = {
				ALWAYS_SEARCH_USER_PATHS = NO;
				CLANG_CXX_LANGUAGE_STANDARD = "gnu++0x";
				CLANG_CXX_LIBRARY = "libc++";
				CLANG_ENABLE_MODULES = YES;
				CLANG_ENABLE_OBJC_ARC = YES;
				CLANG_WARN_BOOL_CONVERSION = YES;
				CLANG_WARN_CONSTANT_CONVERSION = YES;
				CLANG_WARN_DIRECT_OBJC_ISA_USAGE = YES_ERROR;
				CLANG_WARN_EMPTY_BODY = YES;
				CLANG_WARN_ENUM_CONVERSION = YES;
				CLANG_WARN_INT_CONVERSION = YES;
				CLANG_WARN_OBJC_ROOT_CLASS = YES_ERROR;
				CLANG_WARN_UNREACHABLE_CODE = YES;
				CLANG_WARN__DUPLICATE_METHOD_MATCH = YES;
				"CODE_SIGN_IDENTITY[sdk=iphoneos*]" = "iPhone Developer";
				COPY_PHASE_STRIP = NO;
				DEBUG_INFORMATION_FORMAT = dwarf;
				ENABLE_STRICT_OBJC_MSGSEND = YES;
				ENABLE_TESTABILITY = YES;
				GCC_C_LANGUAGE_STANDARD = gnu99;
				GCC_DYNAMIC_NO_PIC = NO;
				GCC_NO_COMMON_BLOCKS = YES;
				GCC_OPTIMIZATION_LEVEL = 0;
				GCC_PREPROCESSOR_DEFINITIONS = (
					"DEBUG=1",
					"$(inherited)",
				);
				GCC_WARN_64_TO_32_BIT_CONVERSION = YES;
				GCC_WARN_ABOUT_RETURN_TYPE = YES_ERROR;
				GCC_WARN_UNDECLARED_SELECTOR = YES;
				GCC_WARN_UNINITIALIZED_AUTOS = YES_AGGRESSIVE;
				GCC_WARN_UNUSED_FUNCTION = YES;
				GCC_WARN_UNUSED_VARIABLE = YES;
				IPHONEOS_DEPLOYMENT_TARGET = 9.2;
				MTL_ENABLE_DEBUG_INFO = YES;
				ONLY_ACTIVE_ARCH = YES;
				SDKROOT = iphoneos;
			};
			name = Debug;
		};
		CC88D3681CBB799600134487 /* Release */ = {
			isa = XCBuildConfiguration;
			buildSettings = {
				ALWAYS_SEARCH_USER_PATHS = NO;
				CLANG_CXX_LANGUAGE_STANDARD = "gnu++0x";
				CLANG_CXX_LIBRARY = "libc++";
				CLANG_ENABLE_MODULES = YES;
				CLANG_ENABLE_OBJC_ARC = YES;
				CLANG_WARN_BOOL_CONVERSION = YES;
				CLANG_WARN_CONSTANT_CONVERSION = YES;
				CLANG_WARN_DIRECT_OBJC_ISA_USAGE = YES_ERROR;
				CLANG_WARN_EMPTY_BODY = YES;
				CLANG_WARN_ENUM_CONVERSION = YES;
				CLANG_WARN_INT_CONVERSION = YES;
				CLANG_WARN_OBJC_ROOT_CLASS = YES_ERROR;
				CLANG_WARN_UNREACHABLE_CODE = YES;
				CLANG_WARN__DUPLICATE_METHOD_MATCH = YES;
				"CODE_SIGN_IDENTITY[sdk=iphoneos*]" = "iPhone Developer";
				COPY_PHASE_STRIP = NO;
				DEBUG_INFORMATION_FORMAT = "dwarf-with-dsym";
				ENABLE_NS_ASSERTIONS = NO;
				ENABLE_STRICT_OBJC_MSGSEND = YES;
				GCC_C_LANGUAGE_STANDARD = gnu99;
				GCC_NO_COMMON_BLOCKS = YES;
				GCC_WARN_64_TO_32_BIT_CONVERSION = YES;
				GCC_WARN_ABOUT_RETURN_TYPE = YES_ERROR;
				GCC_WARN_UNDECLARED_SELECTOR = YES;
				GCC_WARN_UNINITIALIZED_AUTOS = YES_AGGRESSIVE;
				GCC_WARN_UNUSED_FUNCTION = YES;
				GCC_WARN_UNUSED_VARIABLE = YES;
				IPHONEOS_DEPLOYMENT_TARGET = 9.2;
				MTL_ENABLE_DEBUG_INFO = NO;
				SDKROOT = iphoneos;
				VALIDATE_PRODUCT = YES;
			};
			name = Release;
		};
		CC88D36A1CBB799600134487 /* Debug */ = {
			isa = XCBuildConfiguration;
			buildSettings = {
				ASSETCATALOG_COMPILER_APPICON_NAME = AppIcon;
				INFOPLIST_FILE = "03-CustomCell(LayoutSubViews)/Info.plist";
				LD_RUNPATH_SEARCH_PATHS = "$(inherited) @executable_path/Frameworks";
				PRODUCT_BUNDLE_IDENTIFIER = "com.hnqingyun.-3-CustomCell-LayoutSubViews-";
				PRODUCT_NAME = "$(TARGET_NAME)";
			};
			name = Debug;
		};
		CC88D36B1CBB799600134487 /* Release */ = {
			isa = XCBuildConfiguration;
			buildSettings = {
				ASSETCATALOG_COMPILER_APPICON_NAME = AppIcon;
				INFOPLIST_FILE = "03-CustomCell(LayoutSubViews)/Info.plist";
				LD_RUNPATH_SEARCH_PATHS = "$(inherited) @executable_path/Frameworks";
				PRODUCT_BUNDLE_IDENTIFIER = "com.hnqingyun.-3-CustomCell-LayoutSubViews-";
				PRODUCT_NAME = "$(TARGET_NAME)";
			};
			name = Release;
		};
		CC88D36D1CBB799600134487 /* Debug */ = {
			isa = XCBuildConfiguration;
			buildSettings = {
				BUNDLE_LOADER = "$(TEST_HOST)";
				INFOPLIST_FILE = "03-CustomCell(LayoutSubViews)Tests/Info.plist";
				LD_RUNPATH_SEARCH_PATHS = "$(inherited) @executable_path/Frameworks @loader_path/Frameworks";
				PRODUCT_BUNDLE_IDENTIFIER = "com.hnqingyun.-3-CustomCell-LayoutSubViews-Tests";
				PRODUCT_NAME = "$(TARGET_NAME)";
				TEST_HOST = "$(BUILT_PRODUCTS_DIR)/03-CustomCell(LayoutSubViews).app/03-CustomCell(LayoutSubViews)";
			};
			name = Debug;
		};
		CC88D36E1CBB799600134487 /* Release */ = {
			isa = XCBuildConfiguration;
			buildSettings = {
				BUNDLE_LOADER = "$(TEST_HOST)";
				INFOPLIST_FILE = "03-CustomCell(LayoutSubViews)Tests/Info.plist";
				LD_RUNPATH_SEARCH_PATHS = "$(inherited) @executable_path/Frameworks @loader_path/Frameworks";
				PRODUCT_BUNDLE_IDENTIFIER = "com.hnqingyun.-3-CustomCell-LayoutSubViews-Tests";
				PRODUCT_NAME = "$(TARGET_NAME)";
				TEST_HOST = "$(BUILT_PRODUCTS_DIR)/03-CustomCell(LayoutSubViews).app/03-CustomCell(LayoutSubViews)";
			};
			name = Release;
		};
		CC88D3701CBB799600134487 /* Debug */ = {
			isa = XCBuildConfiguration;
			buildSettings = {
				INFOPLIST_FILE = "03-CustomCell(LayoutSubViews)UITests/Info.plist";
				LD_RUNPATH_SEARCH_PATHS = "$(inherited) @executable_path/Frameworks @loader_path/Frameworks";
				PRODUCT_BUNDLE_IDENTIFIER = "com.hnqingyun.-3-CustomCell-LayoutSubViews-UITests";
				PRODUCT_NAME = "$(TARGET_NAME)";
				TEST_TARGET_NAME = "03-CustomCell(LayoutSubViews)";
				USES_XCTRUNNER = YES;
			};
			name = Debug;
		};
		CC88D3711CBB799600134487 /* Release */ = {
			isa = XCBuildConfiguration;
			buildSettings = {
				INFOPLIST_FILE = "03-CustomCell(LayoutSubViews)UITests/Info.plist";
				LD_RUNPATH_SEARCH_PATHS = "$(inherited) @executable_path/Frameworks @loader_path/Frameworks";
				PRODUCT_BUNDLE_IDENTIFIER = "com.hnqingyun.-3-CustomCell-LayoutSubViews-UITests";
				PRODUCT_NAME = "$(TARGET_NAME)";
				TEST_TARGET_NAME = "03-CustomCell(LayoutSubViews)";
				USES_XCTRUNNER = YES;
			};
			name = Release;
		};
/* End XCBuildConfiguration section */

/* Begin XCConfigurationList section */
		CC88D3341CBB799500134487 /* Build configuration list for PBXProject "03-CustomCell(LayoutSubViews)" */ = {
			isa = XCConfigurationList;
			buildConfigurations = (
				CC88D3671CBB799600134487 /* Debug */,
				CC88D3681CBB799600134487 /* Release */,
			);
			defaultConfigurationIsVisible = 0;
			defaultConfigurationName = Release;
		};
		CC88D3691CBB799600134487 /* Build configuration list for PBXNativeTarget "03-CustomCell(LayoutSubViews)" */ = {
			isa = XCConfigurationList;
			buildConfigurations = (
				CC88D36A1CBB799600134487 /* Debug */,
				CC88D36B1CBB799600134487 /* Release */,
			);
			defaultConfigurationIsVisible = 0;
		};
		CC88D36C1CBB799600134487 /* Build configuration list for PBXNativeTarget "03-CustomCell(LayoutSubViews)Tests" */ = {
			isa = XCConfigurationList;
			buildConfigurations = (
				CC88D36D1CBB799600134487 /* Debug */,
				CC88D36E1CBB799600134487 /* Release */,
			);
			defaultConfigurationIsVisible = 0;
		};
		CC88D36F1CBB799600134487 /* Build configuration list for PBXNativeTarget "03-CustomCell(LayoutSubViews)UITests" */ = {
			isa = XCConfigurationList;
			buildConfigurations = (
				CC88D3701CBB799600134487 /* Debug */,
				CC88D3711CBB799600134487 /* Release */,
			);
			defaultConfigurationIsVisible = 0;
		};
/* End XCConfigurationList section */

/* Begin XCVersionGroup section */
		CC88D3481CBB799500134487 /* _3_CustomCell_LayoutSubViews_.xcdatamodeld */ = {
			isa = XCVersionGroup;
			children = (
				CC88D3491CBB799500134487 /* _3_CustomCell_LayoutSubViews_.xcdatamodel */,
			);
			currentVersion = CC88D3491CBB799500134487 /* _3_CustomCell_LayoutSubViews_.xcdatamodel */;
			path = _3_CustomCell_LayoutSubViews_.xcdatamodeld;
			sourceTree = "<group>";
			versionGroupType = wrapper.xcdatamodel;
		};
/* End XCVersionGroup section */
	};
	rootObject = CC88D3311CBB799500134487 /* Project object */;
}
